
Microsoft Visual Studio Solution File, Format Version 12.00
# Visual Studio 14
VisualStudioVersion = 14.0.25420.1
MinimumVisualStudioVersion = 10.0.40219.1
Project("{FAE04EC0-301F-11D3-BF4B-00C04F79EFBC}") = "WebServiceCSharp", "WebServiceCSharp\WebServiceCSharp.csproj", "{A57034DF-DC0F-44CE-BB8A-CDDAFE37DB17}"
EndProject
Project("{FAE04EC0-301F-11D3-BF4B-00C04F79EFBC}") = "WebServiceCSharpTests", "WebServiceCSharpTests\WebServiceCSharpTests.csproj", "{502866E5-C76D-4524-B0B1-77CDEE0A59BE}"
EndProject
Global
	GlobalSection(SolutionConfigurationPlatforms) = preSolution
		Debug|Any CPU = Debug|Any CPU
		Release|Any CPU = Release|Any CPU
	EndGlobalSection
	GlobalSection(ProjectConfigurationPlatforms) = postSolution
		{A57034DF-DC0F-44CE-BB8A-CDDAFE37DB17}.Debug|Any CPU.ActiveCfg = Debug|Any CPU
		{A57034DF-DC0F-44CE-BB8A-CDDAFE37DB17}.Debug|Any CPU.Build.0 = Debug|Any CPU
		{A57034DF-DC0F-44CE-BB8A-CDDAFE37DB17}.Release|Any CPU.ActiveCfg = Release|Any CPU
		{A57034DF-DC0F-44CE-BB8A-CDDAFE37DB17}.Release|Any CPU.Build.0 = Release|Any CPU
		{502866E5-C76D-4524-B0B1-77CDEE0A59BE}.Debug|Any CPU.ActiveCfg = Debug|Any CPU
		{502866E5-C76D-4524-B0B1-77CDEE0A59BE}.Debug|Any CPU.Build.0 = Debug|Any CPU
		{502866E5-C76D-4524-B0B1-77CDEE0A59BE}.Release|Any CPU.ActiveCfg = Release|Any CPU
		{502866E5-C76D-4524-B0B1-77CDEE0A59BE}.Release|Any CPU.Build.0 = Release|Any CPU
	EndGlobalSection
	GlobalSection(SolutionProperties) = preSolution
		HideSolutionNode = FALSE
	EndGlobalSection
EndGlobal
